// !$*UTF8*$!
{
	archiveVersion = 1;
	classes = {
	};
	objectVersion = 56;
	objects = {

/* Begin PBXBuildFile section */
		169513662BA618D0004A11D5 /* ParksPassApp.swift in Sources */ = {isa = PBXBuildFile; fileRef = 169513652BA618D0004A11D5 /* ParksPassApp.swift */; };
		1695136A2BA618D1004A11D5 /* Assets.xcassets in Resources */ = {isa = PBXBuildFile; fileRef = 169513692BA618D1004A11D5 /* Assets.xcassets */; };
		1695136D2BA618D1004A11D5 /* Preview Assets.xcassets in Resources */ = {isa = PBXBuildFile; fileRef = 1695136C2BA618D1004A11D5 /* Preview Assets.xcassets */; };
		169513772BA618D2004A11D5 /* ParksPassTests.swift in Sources */ = {isa = PBXBuildFile; fileRef = 169513762BA618D2004A11D5 /* ParksPassTests.swift */; };
		169513812BA618D2004A11D5 /* ParksPassUITests.swift in Sources */ = {isa = PBXBuildFile; fileRef = 169513802BA618D2004A11D5 /* ParksPassUITests.swift */; };
		169513832BA618D2004A11D5 /* ParksPassUITestsLaunchTests.swift in Sources */ = {isa = PBXBuildFile; fileRef = 169513822BA618D2004A11D5 /* ParksPassUITestsLaunchTests.swift */; };
		169513912BA61988004A11D5 /* ComposableArchitecture in Frameworks */ = {isa = PBXBuildFile; productRef = 169513902BA61988004A11D5 /* ComposableArchitecture */; };
		169513942BA61B15004A11D5 /* OnboardingView.swift in Sources */ = {isa = PBXBuildFile; fileRef = 169513932BA61B15004A11D5 /* OnboardingView.swift */; };
		169513992BA6437A004A11D5 /* OnboardingContainerView.swift in Sources */ = {isa = PBXBuildFile; fileRef = 169513982BA6437A004A11D5 /* OnboardingContainerView.swift */; };
		1695139C2BA64B39004A11D5 /* LoginView.swift in Sources */ = {isa = PBXBuildFile; fileRef = 1695139B2BA64B39004A11D5 /* LoginView.swift */; };
		1695139F2BA64E50004A11D5 /* Asset.swift in Sources */ = {isa = PBXBuildFile; fileRef = 1695139E2BA64E50004A11D5 /* Asset.swift */; };
		169513A12BA64E5F004A11D5 /* Images.swift in Sources */ = {isa = PBXBuildFile; fileRef = 169513A02BA64E5F004A11D5 /* Images.swift */; };
		169513A42BA66EEF004A11D5 /* RegisterView.swift in Sources */ = {isa = PBXBuildFile; fileRef = 169513A32BA66EEF004A11D5 /* RegisterView.swift */; };
		169513B02BA684BF004A11D5 /* FirebaseAuth in Frameworks */ = {isa = PBXBuildFile; productRef = 169513AF2BA684BF004A11D5 /* FirebaseAuth */; };
		169513B22BA68532004A11D5 /* GoogleSignIn in Frameworks */ = {isa = PBXBuildFile; productRef = 169513B12BA68532004A11D5 /* GoogleSignIn */; };
		169513B72BA68820004A11D5 /* UserAuthModel.swift in Sources */ = {isa = PBXBuildFile; fileRef = 169513B62BA68820004A11D5 /* UserAuthModel.swift */; };
		169513B92BA68C07004A11D5 /* GoogleService-Info.plist in Resources */ = {isa = PBXBuildFile; fileRef = 169513B82BA68C07004A11D5 /* GoogleService-Info.plist */; };
		169513BE2BA68E77004A11D5 /* FeedView.swift in Sources */ = {isa = PBXBuildFile; fileRef = 169513BD2BA68E77004A11D5 /* FeedView.swift */; };
		169513C02BA6B330004A11D5 /* ProfileHeaderView.swift in Sources */ = {isa = PBXBuildFile; fileRef = 169513BF2BA6B330004A11D5 /* ProfileHeaderView.swift */; };
		169513C22BA6B4E5004A11D5 /* AsyncImageView.swift in Sources */ = {isa = PBXBuildFile; fileRef = 169513C12BA6B4E5004A11D5 /* AsyncImageView.swift */; };
		169513C62BA6B58C004A11D5 /* FeedCardView.swift in Sources */ = {isa = PBXBuildFile; fileRef = 169513C52BA6B58C004A11D5 /* FeedCardView.swift */; };
		169513C82BA6DCC1004A11D5 /* ProfileDetailView.swift in Sources */ = {isa = PBXBuildFile; fileRef = 169513C72BA6DCC1004A11D5 /* ProfileDetailView.swift */; };
		169513CA2BA6F4A5004A11D5 /* FirebaseFirestore in Frameworks */ = {isa = PBXBuildFile; productRef = 169513C92BA6F4A5004A11D5 /* FirebaseFirestore */; };
		169513CC2BA6F5E6004A11D5 /* UserProfileRepository.swift in Sources */ = {isa = PBXBuildFile; fileRef = 169513CB2BA6F5E6004A11D5 /* UserProfileRepository.swift */; };
		169513CE2BA6F674004A11D5 /* SessionStore.swift in Sources */ = {isa = PBXBuildFile; fileRef = 169513CD2BA6F674004A11D5 /* SessionStore.swift */; };
		169513D02BA77629004A11D5 /* EmailProfileDetailView.swift in Sources */ = {isa = PBXBuildFile; fileRef = 169513CF2BA77629004A11D5 /* EmailProfileDetailView.swift */; };
/* End PBXBuildFile section */

/* Begin PBXContainerItemProxy section */
		169513732BA618D2004A11D5 /* PBXContainerItemProxy */ = {
			isa = PBXContainerItemProxy;
			containerPortal = 1695135A2BA618D0004A11D5 /* Project object */;
			proxyType = 1;
			remoteGlobalIDString = 169513612BA618D0004A11D5;
			remoteInfo = ParksPass;
		};
		1695137D2BA618D2004A11D5 /* PBXContainerItemProxy */ = {
			isa = PBXContainerItemProxy;
			containerPortal = 1695135A2BA618D0004A11D5 /* Project object */;
			proxyType = 1;
			remoteGlobalIDString = 169513612BA618D0004A11D5;
			remoteInfo = ParksPass;
		};
/* End PBXContainerItemProxy section */

/* Begin PBXFileReference section */
		169513622BA618D0004A11D5 /* ParksPass.app */ = {isa = PBXFileReference; explicitFileType = wrapper.application; includeInIndex = 0; path = ParksPass.app; sourceTree = BUILT_PRODUCTS_DIR; };
		169513652BA618D0004A11D5 /* ParksPassApp.swift */ = {isa = PBXFileReference; lastKnownFileType = sourcecode.swift; path = ParksPassApp.swift; sourceTree = "<group>"; };
		169513692BA618D1004A11D5 /* Assets.xcassets */ = {isa = PBXFileReference; lastKnownFileType = folder.assetcatalog; path = Assets.xcassets; sourceTree = "<group>"; };
		1695136C2BA618D1004A11D5 /* Preview Assets.xcassets */ = {isa = PBXFileReference; lastKnownFileType = folder.assetcatalog; path = "Preview Assets.xcassets"; sourceTree = "<group>"; };
		169513722BA618D2004A11D5 /* ParksPassTests.xctest */ = {isa = PBXFileReference; explicitFileType = wrapper.cfbundle; includeInIndex = 0; path = ParksPassTests.xctest; sourceTree = BUILT_PRODUCTS_DIR; };
		169513762BA618D2004A11D5 /* ParksPassTests.swift */ = {isa = PBXFileReference; lastKnownFileType = sourcecode.swift; path = ParksPassTests.swift; sourceTree = "<group>"; };
		1695137C2BA618D2004A11D5 /* ParksPassUITests.xctest */ = {isa = PBXFileReference; explicitFileType = wrapper.cfbundle; includeInIndex = 0; path = ParksPassUITests.xctest; sourceTree = BUILT_PRODUCTS_DIR; };
		169513802BA618D2004A11D5 /* ParksPassUITests.swift */ = {isa = PBXFileReference; lastKnownFileType = sourcecode.swift; path = ParksPassUITests.swift; sourceTree = "<group>"; };
		169513822BA618D2004A11D5 /* ParksPassUITestsLaunchTests.swift */ = {isa = PBXFileReference; lastKnownFileType = sourcecode.swift; path = ParksPassUITestsLaunchTests.swift; sourceTree = "<group>"; };
		169513932BA61B15004A11D5 /* OnboardingView.swift */ = {isa = PBXFileReference; lastKnownFileType = sourcecode.swift; path = OnboardingView.swift; sourceTree = "<group>"; };
		169513982BA6437A004A11D5 /* OnboardingContainerView.swift */ = {isa = PBXFileReference; lastKnownFileType = sourcecode.swift; path = OnboardingContainerView.swift; sourceTree = "<group>"; };
		1695139B2BA64B39004A11D5 /* LoginView.swift */ = {isa = PBXFileReference; lastKnownFileType = sourcecode.swift; path = LoginView.swift; sourceTree = "<group>"; };
		1695139E2BA64E50004A11D5 /* Asset.swift */ = {isa = PBXFileReference; lastKnownFileType = sourcecode.swift; path = Asset.swift; sourceTree = "<group>"; };
		169513A02BA64E5F004A11D5 /* Images.swift */ = {isa = PBXFileReference; lastKnownFileType = sourcecode.swift; path = Images.swift; sourceTree = "<group>"; };
		169513A32BA66EEF004A11D5 /* RegisterView.swift */ = {isa = PBXFileReference; lastKnownFileType = sourcecode.swift; path = RegisterView.swift; sourceTree = "<group>"; };
		169513B32BA6862C004A11D5 /* Info.plist */ = {isa = PBXFileReference; lastKnownFileType = text.plist.xml; path = Info.plist; sourceTree = "<group>"; };
		169513B62BA68820004A11D5 /* UserAuthModel.swift */ = {isa = PBXFileReference; lastKnownFileType = sourcecode.swift; path = UserAuthModel.swift; sourceTree = "<group>"; };
		169513B82BA68C07004A11D5 /* GoogleService-Info.plist */ = {isa = PBXFileReference; fileEncoding = 4; lastKnownFileType = text.plist.xml; path = "GoogleService-Info.plist"; sourceTree = "<group>"; };
		169513BD2BA68E77004A11D5 /* FeedView.swift */ = {isa = PBXFileReference; lastKnownFileType = sourcecode.swift; path = FeedView.swift; sourceTree = "<group>"; };
		169513BF2BA6B330004A11D5 /* ProfileHeaderView.swift */ = {isa = PBXFileReference; lastKnownFileType = sourcecode.swift; path = ProfileHeaderView.swift; sourceTree = "<group>"; };
		169513C12BA6B4E5004A11D5 /* AsyncImageView.swift */ = {isa = PBXFileReference; lastKnownFileType = sourcecode.swift; path = AsyncImageView.swift; sourceTree = "<group>"; };
		169513C52BA6B58C004A11D5 /* FeedCardView.swift */ = {isa = PBXFileReference; lastKnownFileType = sourcecode.swift; path = FeedCardView.swift; sourceTree = "<group>"; };
		169513C72BA6DCC1004A11D5 /* ProfileDetailView.swift */ = {isa = PBXFileReference; lastKnownFileType = sourcecode.swift; path = ProfileDetailView.swift; sourceTree = "<group>"; };
		169513CB2BA6F5E6004A11D5 /* UserProfileRepository.swift */ = {isa = PBXFileReference; lastKnownFileType = sourcecode.swift; path = UserProfileRepository.swift; sourceTree = "<group>"; };
		169513CD2BA6F674004A11D5 /* SessionStore.swift */ = {isa = PBXFileReference; lastKnownFileType = sourcecode.swift; path = SessionStore.swift; sourceTree = "<group>"; };
		169513CF2BA77629004A11D5 /* EmailProfileDetailView.swift */ = {isa = PBXFileReference; lastKnownFileType = sourcecode.swift; path = EmailProfileDetailView.swift; sourceTree = "<group>"; };
/* End PBXFileReference section */

/* Begin PBXFrameworksBuildPhase section */
		1695135F2BA618D0004A11D5 /* Frameworks */ = {
			isa = PBXFrameworksBuildPhase;
			buildActionMask = 2147483647;
			files = (
				169513912BA61988004A11D5 /* ComposableArchitecture in Frameworks */,
				169513CA2BA6F4A5004A11D5 /* FirebaseFirestore in Frameworks */,
				169513B02BA684BF004A11D5 /* FirebaseAuth in Frameworks */,
				169513B22BA68532004A11D5 /* GoogleSignIn in Frameworks */,
			);
			runOnlyForDeploymentPostprocessing = 0;
		};
		1695136F2BA618D2004A11D5 /* Frameworks */ = {
			isa = PBXFrameworksBuildPhase;
			buildActionMask = 2147483647;
			files = (
			);
			runOnlyForDeploymentPostprocessing = 0;
		};
		169513792BA618D2004A11D5 /* Frameworks */ = {
			isa = PBXFrameworksBuildPhase;
			buildActionMask = 2147483647;
			files = (
			);
			runOnlyForDeploymentPostprocessing = 0;
		};
/* End PBXFrameworksBuildPhase section */

/* Begin PBXGroup section */
		169513592BA618D0004A11D5 = {
			isa = PBXGroup;
			children = (
				169513642BA618D0004A11D5 /* ParksPass */,
				169513752BA618D2004A11D5 /* ParksPassTests */,
				1695137F2BA618D2004A11D5 /* ParksPassUITests */,
				169513632BA618D0004A11D5 /* Products */,
			);
			sourceTree = "<group>";
		};
		169513632BA618D0004A11D5 /* Products */ = {
			isa = PBXGroup;
			children = (
				169513622BA618D0004A11D5 /* ParksPass.app */,
				169513722BA618D2004A11D5 /* ParksPassTests.xctest */,
				1695137C2BA618D2004A11D5 /* ParksPassUITests.xctest */,
			);
			name = Products;
			sourceTree = "<group>";
		};
		169513642BA618D0004A11D5 /* ParksPass */ = {
			isa = PBXGroup;
			children = (
				169513B32BA6862C004A11D5 /* Info.plist */,
				169513BA2BA68E5E004A11D5 /* Feed */,
				1695139A2BA64B2C004A11D5 /* AuthenticationFlow */,
				169513922BA61B09004A11D5 /* Onboarding */,
				1695139D2BA64E40004A11D5 /* Resource */,
				169513652BA618D0004A11D5 /* ParksPassApp.swift */,
				169513692BA618D1004A11D5 /* Assets.xcassets */,
				1695136B2BA618D1004A11D5 /* Preview Content */,
			);
			path = ParksPass;
			sourceTree = "<group>";
		};
		1695136B2BA618D1004A11D5 /* Preview Content */ = {
			isa = PBXGroup;
			children = (
				1695136C2BA618D1004A11D5 /* Preview Assets.xcassets */,
			);
			path = "Preview Content";
			sourceTree = "<group>";
		};
		169513752BA618D2004A11D5 /* ParksPassTests */ = {
			isa = PBXGroup;
			children = (
				169513762BA618D2004A11D5 /* ParksPassTests.swift */,
			);
			path = ParksPassTests;
			sourceTree = "<group>";
		};
		1695137F2BA618D2004A11D5 /* ParksPassUITests */ = {
			isa = PBXGroup;
			children = (
				169513802BA618D2004A11D5 /* ParksPassUITests.swift */,
				169513822BA618D2004A11D5 /* ParksPassUITestsLaunchTests.swift */,
			);
			path = ParksPassUITests;
			sourceTree = "<group>";
		};
		169513922BA61B09004A11D5 /* Onboarding */ = {
			isa = PBXGroup;
			children = (
				169513982BA6437A004A11D5 /* OnboardingContainerView.swift */,
				169513932BA61B15004A11D5 /* OnboardingView.swift */,
			);
			path = Onboarding;
			sourceTree = "<group>";
		};
		1695139A2BA64B2C004A11D5 /* AuthenticationFlow */ = {
			isa = PBXGroup;
			children = (
				169513BF2BA6B330004A11D5 /* ProfileHeaderView.swift */,
				169513C72BA6DCC1004A11D5 /* ProfileDetailView.swift */,
				169513CF2BA77629004A11D5 /* EmailProfileDetailView.swift */,
				1695139B2BA64B39004A11D5 /* LoginView.swift */,
				169513A32BA66EEF004A11D5 /* RegisterView.swift */,
				169513CB2BA6F5E6004A11D5 /* UserProfileRepository.swift */,
				169513B62BA68820004A11D5 /* UserAuthModel.swift */,
				169513CD2BA6F674004A11D5 /* SessionStore.swift */,
			);
			path = AuthenticationFlow;
			sourceTree = "<group>";
		};
		1695139D2BA64E40004A11D5 /* Resource */ = {
			isa = PBXGroup;
			children = (
				169513B82BA68C07004A11D5 /* GoogleService-Info.plist */,
				1695139E2BA64E50004A11D5 /* Asset.swift */,
				169513A02BA64E5F004A11D5 /* Images.swift */,
			);
			path = Resource;
			sourceTree = "<group>";
		};
		169513BA2BA68E5E004A11D5 /* Feed */ = {
			isa = PBXGroup;
			children = (
				169513BD2BA68E77004A11D5 /* FeedView.swift */,
				169513C52BA6B58C004A11D5 /* FeedCardView.swift */,
				169513C12BA6B4E5004A11D5 /* AsyncImageView.swift */,
			);
			path = Feed;
			sourceTree = "<group>";
		};
/* End PBXGroup section */

/* Begin PBXNativeTarget section */
		169513612BA618D0004A11D5 /* ParksPass */ = {
			isa = PBXNativeTarget;
			buildConfigurationList = 169513862BA618D2004A11D5 /* Build configuration list for PBXNativeTarget "ParksPass" */;
			buildPhases = (
				1695135E2BA618D0004A11D5 /* Sources */,
				1695135F2BA618D0004A11D5 /* Frameworks */,
				169513602BA618D0004A11D5 /* Resources */,
			);
			buildRules = (
			);
			dependencies = (
			);
			name = ParksPass;
			packageProductDependencies = (
				169513902BA61988004A11D5 /* ComposableArchitecture */,
				169513AF2BA684BF004A11D5 /* FirebaseAuth */,
				169513B12BA68532004A11D5 /* GoogleSignIn */,
				169513C92BA6F4A5004A11D5 /* FirebaseFirestore */,
			);
			productName = ParksPass;
			productReference = 169513622BA618D0004A11D5 /* ParksPass.app */;
			productType = "com.apple.product-type.application";
		};
		169513712BA618D2004A11D5 /* ParksPassTests */ = {
			isa = PBXNativeTarget;
			buildConfigurationList = 169513892BA618D2004A11D5 /* Build configuration list for PBXNativeTarget "ParksPassTests" */;
			buildPhases = (
				1695136E2BA618D2004A11D5 /* Sources */,
				1695136F2BA618D2004A11D5 /* Frameworks */,
				169513702BA618D2004A11D5 /* Resources */,
			);
			buildRules = (
			);
			dependencies = (
				169513742BA618D2004A11D5 /* PBXTargetDependency */,
			);
			name = ParksPassTests;
			productName = ParksPassTests;
			productReference = 169513722BA618D2004A11D5 /* ParksPassTests.xctest */;
			productType = "com.apple.product-type.bundle.unit-test";
		};
		1695137B2BA618D2004A11D5 /* ParksPassUITests */ = {
			isa = PBXNativeTarget;
			buildConfigurationList = 1695138C2BA618D2004A11D5 /* Build configuration list for PBXNativeTarget "ParksPassUITests" */;
			buildPhases = (
				169513782BA618D2004A11D5 /* Sources */,
				169513792BA618D2004A11D5 /* Frameworks */,
				1695137A2BA618D2004A11D5 /* Resources */,
			);
			buildRules = (
			);
			dependencies = (
				1695137E2BA618D2004A11D5 /* PBXTargetDependency */,
			);
			name = ParksPassUITests;
			productName = ParksPassUITests;
			productReference = 1695137C2BA618D2004A11D5 /* ParksPassUITests.xctest */;
			productType = "com.apple.product-type.bundle.ui-testing";
		};
/* End PBXNativeTarget section */

/* Begin PBXProject section */
		1695135A2BA618D0004A11D5 /* Project object */ = {
			isa = PBXProject;
			attributes = {
				BuildIndependentTargetsInParallel = 1;
				LastSwiftUpdateCheck = 1530;
				LastUpgradeCheck = 1530;
				TargetAttributes = {
					169513612BA618D0004A11D5 = {
						CreatedOnToolsVersion = 15.3;
					};
					169513712BA618D2004A11D5 = {
						CreatedOnToolsVersion = 15.3;
						TestTargetID = 169513612BA618D0004A11D5;
					};
					1695137B2BA618D2004A11D5 = {
						CreatedOnToolsVersion = 15.3;
						TestTargetID = 169513612BA618D0004A11D5;
					};
				};
			};
			buildConfigurationList = 1695135D2BA618D0004A11D5 /* Build configuration list for PBXProject "ParksPass" */;
			compatibilityVersion = "Xcode 14.0";
			developmentRegion = en;
			hasScannedForEncodings = 0;
			knownRegions = (
				en,
				Base,
			);
			mainGroup = 169513592BA618D0004A11D5;
			packageReferences = (
				1695138F2BA61988004A11D5 /* XCRemoteSwiftPackageReference "swift-composable-architecture" */,
				169513A72BA680D8004A11D5 /* XCRemoteSwiftPackageReference "GoogleSignIn-iOS" */,
				169513AE2BA684BF004A11D5 /* XCRemoteSwiftPackageReference "firebase-ios-sdk" */,
			);
			productRefGroup = 169513632BA618D0004A11D5 /* Products */;
			projectDirPath = "";
			projectRoot = "";
			targets = (
				169513612BA618D0004A11D5 /* ParksPass */,
				169513712BA618D2004A11D5 /* ParksPassTests */,
				1695137B2BA618D2004A11D5 /* ParksPassUITests */,
			);
		};
/* End PBXProject section */

/* Begin PBXResourcesBuildPhase section */
		169513602BA618D0004A11D5 /* Resources */ = {
			isa = PBXResourcesBuildPhase;
			buildActionMask = 2147483647;
			files = (
				1695136D2BA618D1004A11D5 /* Preview Assets.xcassets in Resources */,
				1695136A2BA618D1004A11D5 /* Assets.xcassets in Resources */,
				169513B92BA68C07004A11D5 /* GoogleService-Info.plist in Resources */,
			);
			runOnlyForDeploymentPostprocessing = 0;
		};
		169513702BA618D2004A11D5 /* Resources */ = {
			isa = PBXResourcesBuildPhase;
			buildActionMask = 2147483647;
			files = (
			);
			runOnlyForDeploymentPostprocessing = 0;
		};
		1695137A2BA618D2004A11D5 /* Resources */ = {
			isa = PBXResourcesBuildPhase;
			buildActionMask = 2147483647;
			files = (
			);
			runOnlyForDeploymentPostprocessing = 0;
		};
/* End PBXResourcesBuildPhase section */

/* Begin PBXSourcesBuildPhase section */
		1695135E2BA618D0004A11D5 /* Sources */ = {
			isa = PBXSourcesBuildPhase;
			buildActionMask = 2147483647;
			files = (
				169513942BA61B15004A11D5 /* OnboardingView.swift in Sources */,
				169513BE2BA68E77004A11D5 /* FeedView.swift in Sources */,
				169513A12BA64E5F004A11D5 /* Images.swift in Sources */,
				169513B72BA68820004A11D5 /* UserAuthModel.swift in Sources */,
				169513992BA6437A004A11D5 /* OnboardingContainerView.swift in Sources */,
				169513C22BA6B4E5004A11D5 /* AsyncImageView.swift in Sources */,
				169513C82BA6DCC1004A11D5 /* ProfileDetailView.swift in Sources */,
				169513A42BA66EEF004A11D5 /* RegisterView.swift in Sources */,
				169513C62BA6B58C004A11D5 /* FeedCardView.swift in Sources */,
				1695139F2BA64E50004A11D5 /* Asset.swift in Sources */,
				169513CC2BA6F5E6004A11D5 /* UserProfileRepository.swift in Sources */,
				169513CE2BA6F674004A11D5 /* SessionStore.swift in Sources */,
				169513C02BA6B330004A11D5 /* ProfileHeaderView.swift in Sources */,
				1695139C2BA64B39004A11D5 /* LoginView.swift in Sources */,
				169513D02BA77629004A11D5 /* EmailProfileDetailView.swift in Sources */,
				169513662BA618D0004A11D5 /* ParksPassApp.swift in Sources */,
			);
			runOnlyForDeploymentPostprocessing = 0;
		};
		1695136E2BA618D2004A11D5 /* Sources */ = {
			isa = PBXSourcesBuildPhase;
			buildActionMask = 2147483647;
			files = (
				169513772BA618D2004A11D5 /* ParksPassTests.swift in Sources */,
			);
			runOnlyForDeploymentPostprocessing = 0;
		};
		169513782BA618D2004A11D5 /* Sources */ = {
			isa = PBXSourcesBuildPhase;
			buildActionMask = 2147483647;
			files = (
				169513812BA618D2004A11D5 /* ParksPassUITests.swift in Sources */,
				169513832BA618D2004A11D5 /* ParksPassUITestsLaunchTests.swift in Sources */,
			);
			runOnlyForDeploymentPostprocessing = 0;
		};
/* End PBXSourcesBuildPhase section */

/* Begin PBXTargetDependency section */
		169513742BA618D2004A11D5 /* PBXTargetDependency */ = {
			isa = PBXTargetDependency;
			target = 169513612BA618D0004A11D5 /* ParksPass */;
			targetProxy = 169513732BA618D2004A11D5 /* PBXContainerItemProxy */;
		};
		1695137E2BA618D2004A11D5 /* PBXTargetDependency */ = {
			isa = PBXTargetDependency;
			target = 169513612BA618D0004A11D5 /* ParksPass */;
			targetProxy = 1695137D2BA618D2004A11D5 /* PBXContainerItemProxy */;
		};
/* End PBXTargetDependency section */

/* Begin XCBuildConfiguration section */
		169513842BA618D2004A11D5 /* Debug */ = {
			isa = XCBuildConfiguration;
			buildSettings = {
				ALWAYS_SEARCH_USER_PATHS = NO;
				ASSETCATALOG_COMPILER_GENERATE_SWIFT_ASSET_SYMBOL_EXTENSIONS = YES;
				CLANG_ANALYZER_NONNULL = YES;
				CLANG_ANALYZER_NUMBER_OBJECT_CONVERSION = YES_AGGRESSIVE;
				CLANG_CXX_LANGUAGE_STANDARD = "gnu++20";
				CLANG_ENABLE_MODULES = YES;
				CLANG_ENABLE_OBJC_ARC = YES;
				CLANG_ENABLE_OBJC_WEAK = YES;
				CLANG_WARN_BLOCK_CAPTURE_AUTORELEASING = YES;
				CLANG_WARN_BOOL_CONVERSION = YES;
				CLANG_WARN_COMMA = YES;
				CLANG_WARN_CONSTANT_CONVERSION = YES;
				CLANG_WARN_DEPRECATED_OBJC_IMPLEMENTATIONS = YES;
				CLANG_WARN_DIRECT_OBJC_ISA_USAGE = YES_ERROR;
				CLANG_WARN_DOCUMENTATION_COMMENTS = YES;
				CLANG_WARN_EMPTY_BODY = YES;
				CLANG_WARN_ENUM_CONVERSION = YES;
				CLANG_WARN_INFINITE_RECURSION = YES;
				CLANG_WARN_INT_CONVERSION = YES;
				CLANG_WARN_NON_LITERAL_NULL_CONVERSION = YES;
				CLANG_WARN_OBJC_IMPLICIT_RETAIN_SELF = YES;
				CLANG_WARN_OBJC_LITERAL_CONVERSION = YES;
				CLANG_WARN_OBJC_ROOT_CLASS = YES_ERROR;
				CLANG_WARN_QUOTED_INCLUDE_IN_FRAMEWORK_HEADER = YES;
				CLANG_WARN_RANGE_LOOP_ANALYSIS = YES;
				CLANG_WARN_STRICT_PROTOTYPES = YES;
				CLANG_WARN_SUSPICIOUS_MOVE = YES;
				CLANG_WARN_UNGUARDED_AVAILABILITY = YES_AGGRESSIVE;
				CLANG_WARN_UNREACHABLE_CODE = YES;
				CLANG_WARN__DUPLICATE_METHOD_MATCH = YES;
				COPY_PHASE_STRIP = NO;
				DEBUG_INFORMATION_FORMAT = dwarf;
				ENABLE_STRICT_OBJC_MSGSEND = YES;
				ENABLE_TESTABILITY = YES;
				ENABLE_USER_SCRIPT_SANDBOXING = YES;
				GCC_C_LANGUAGE_STANDARD = gnu17;
				GCC_DYNAMIC_NO_PIC = NO;
				GCC_NO_COMMON_BLOCKS = YES;
				GCC_OPTIMIZATION_LEVEL = 0;
				GCC_PREPROCESSOR_DEFINITIONS = (
					"DEBUG=1",
					"$(inherited)",
				);
				GCC_WARN_64_TO_32_BIT_CONVERSION = YES;
				GCC_WARN_ABOUT_RETURN_TYPE = YES_ERROR;
				GCC_WARN_UNDECLARED_SELECTOR = YES;
				GCC_WARN_UNINITIALIZED_AUTOS = YES_AGGRESSIVE;
				GCC_WARN_UNUSED_FUNCTION = YES;
				GCC_WARN_UNUSED_VARIABLE = YES;
				IPHONEOS_DEPLOYMENT_TARGET = 17.4;
				LOCALIZATION_PREFERS_STRING_CATALOGS = YES;
				MTL_ENABLE_DEBUG_INFO = INCLUDE_SOURCE;
				MTL_FAST_MATH = YES;
				ONLY_ACTIVE_ARCH = YES;
				SDKROOT = iphoneos;
				SWIFT_ACTIVE_COMPILATION_CONDITIONS = "DEBUG $(inherited)";
				SWIFT_OPTIMIZATION_LEVEL = "-Onone";
			};
			name = Debug;
		};
		169513852BA618D2004A11D5 /* Release */ = {
			isa = XCBuildConfiguration;
			buildSettings = {
				ALWAYS_SEARCH_USER_PATHS = NO;
				ASSETCATALOG_COMPILER_GENERATE_SWIFT_ASSET_SYMBOL_EXTENSIONS = YES;
				CLANG_ANALYZER_NONNULL = YES;
				CLANG_ANALYZER_NUMBER_OBJECT_CONVERSION = YES_AGGRESSIVE;
				CLANG_CXX_LANGUAGE_STANDARD = "gnu++20";
				CLANG_ENABLE_MODULES = YES;
				CLANG_ENABLE_OBJC_ARC = YES;
				CLANG_ENABLE_OBJC_WEAK = YES;
				CLANG_WARN_BLOCK_CAPTURE_AUTORELEASING = YES;
				CLANG_WARN_BOOL_CONVERSION = YES;
				CLANG_WARN_COMMA = YES;
				CLANG_WARN_CONSTANT_CONVERSION = YES;
				CLANG_WARN_DEPRECATED_OBJC_IMPLEMENTATIONS = YES;
				CLANG_WARN_DIRECT_OBJC_ISA_USAGE = YES_ERROR;
				CLANG_WARN_DOCUMENTATION_COMMENTS = YES;
				CLANG_WARN_EMPTY_BODY = YES;
				CLANG_WARN_ENUM_CONVERSION = YES;
				CLANG_WARN_INFINITE_RECURSION = YES;
				CLANG_WARN_INT_CONVERSION = YES;
				CLANG_WARN_NON_LITERAL_NULL_CONVERSION = YES;
				CLANG_WARN_OBJC_IMPLICIT_RETAIN_SELF = YES;
				CLANG_WARN_OBJC_LITERAL_CONVERSION = YES;
				CLANG_WARN_OBJC_ROOT_CLASS = YES_ERROR;
				CLANG_WARN_QUOTED_INCLUDE_IN_FRAMEWORK_HEADER = YES;
				CLANG_WARN_RANGE_LOOP_ANALYSIS = YES;
				CLANG_WARN_STRICT_PROTOTYPES = YES;
				CLANG_WARN_SUSPICIOUS_MOVE = YES;
				CLANG_WARN_UNGUARDED_AVAILABILITY = YES_AGGRESSIVE;
				CLANG_WARN_UNREACHABLE_CODE = YES;
				CLANG_WARN__DUPLICATE_METHOD_MATCH = YES;
				COPY_PHASE_STRIP = NO;
				DEBUG_INFORMATION_FORMAT = "dwarf-with-dsym";
				ENABLE_NS_ASSERTIONS = NO;
				ENABLE_STRICT_OBJC_MSGSEND = YES;
				ENABLE_USER_SCRIPT_SANDBOXING = YES;
				GCC_C_LANGUAGE_STANDARD = gnu17;
				GCC_NO_COMMON_BLOCKS = YES;
				GCC_WARN_64_TO_32_BIT_CONVERSION = YES;
				GCC_WARN_ABOUT_RETURN_TYPE = YES_ERROR;
				GCC_WARN_UNDECLARED_SELECTOR = YES;
				GCC_WARN_UNINITIALIZED_AUTOS = YES_AGGRESSIVE;
				GCC_WARN_UNUSED_FUNCTION = YES;
				GCC_WARN_UNUSED_VARIABLE = YES;
				IPHONEOS_DEPLOYMENT_TARGET = 17.4;
				LOCALIZATION_PREFERS_STRING_CATALOGS = YES;
				MTL_ENABLE_DEBUG_INFO = NO;
				MTL_FAST_MATH = YES;
				SDKROOT = iphoneos;
				SWIFT_COMPILATION_MODE = wholemodule;
				VALIDATE_PRODUCT = YES;
			};
			name = Release;
		};
		169513872BA618D2004A11D5 /* Debug */ = {
			isa = XCBuildConfiguration;
			buildSettings = {
				ASSETCATALOG_COMPILER_APPICON_NAME = AppIcon;
				ASSETCATALOG_COMPILER_GLOBAL_ACCENT_COLOR_NAME = AccentColor;
				CODE_SIGN_STYLE = Automatic;
				CURRENT_PROJECT_VERSION = 1;
				DEVELOPMENT_ASSET_PATHS = "\"ParksPass/Preview Content\"";
				DEVELOPMENT_TEAM = 2W9LPF538W;
				ENABLE_PREVIEWS = YES;
				GENERATE_INFOPLIST_FILE = YES;
				INFOPLIST_FILE = ParksPass/Info.plist;
				INFOPLIST_KEY_UIApplicationSceneManifest_Generation = YES;
				INFOPLIST_KEY_UIApplicationSupportsIndirectInputEvents = YES;
				INFOPLIST_KEY_UILaunchScreen_Generation = YES;
				INFOPLIST_KEY_UISupportedInterfaceOrientations_iPad = "UIInterfaceOrientationPortrait UIInterfaceOrientationPortraitUpsideDown UIInterfaceOrientationLandscapeLeft UIInterfaceOrientationLandscapeRight";
				INFOPLIST_KEY_UISupportedInterfaceOrientations_iPhone = "UIInterfaceOrientationPortrait UIInterfaceOrientationLandscapeLeft UIInterfaceOrientationLandscapeRight";
				LD_RUNPATH_SEARCH_PATHS = (
					"$(inherited)",
					"@executable_path/Frameworks",
				);
				MARKETING_VERSION = 1.0;
				PRODUCT_BUNDLE_IDENTIFIER = com.trevis.ParksPass;
				PRODUCT_NAME = "$(TARGET_NAME)";
				SWIFT_EMIT_LOC_STRINGS = YES;
				SWIFT_VERSION = 5.0;
				TARGETED_DEVICE_FAMILY = "1,2";
			};
			name = Debug;
		};
		169513882BA618D2004A11D5 /* Release */ = {
			isa = XCBuildConfiguration;
			buildSettings = {
				ASSETCATALOG_COMPILER_APPICON_NAME = AppIcon;
				ASSETCATALOG_COMPILER_GLOBAL_ACCENT_COLOR_NAME = AccentColor;
				CODE_SIGN_STYLE = Automatic;
				CURRENT_PROJECT_VERSION = 1;
				DEVELOPMENT_ASSET_PATHS = "\"ParksPass/Preview Content\"";
				DEVELOPMENT_TEAM = 2W9LPF538W;
				ENABLE_PREVIEWS = YES;
				GENERATE_INFOPLIST_FILE = YES;
				INFOPLIST_FILE = ParksPass/Info.plist;
				INFOPLIST_KEY_UIApplicationSceneManifest_Generation = YES;
				INFOPLIST_KEY_UIApplicationSupportsIndirectInputEvents = YES;
				INFOPLIST_KEY_UILaunchScreen_Generation = YES;
				INFOPLIST_KEY_UISupportedInterfaceOrientations_iPad = "UIInterfaceOrientationPortrait UIInterfaceOrientationPortraitUpsideDown UIInterfaceOrientationLandscapeLeft UIInterfaceOrientationLandscapeRight";
				INFOPLIST_KEY_UISupportedInterfaceOrientations_iPhone = "UIInterfaceOrientationPortrait UIInterfaceOrientationLandscapeLeft UIInterfaceOrientationLandscapeRight";
				LD_RUNPATH_SEARCH_PATHS = (
					"$(inherited)",
					"@executable_path/Frameworks",
				);
				MARKETING_VERSION = 1.0;
				PRODUCT_BUNDLE_IDENTIFIER = com.trevis.ParksPass;
				PRODUCT_NAME = "$(TARGET_NAME)";
				SWIFT_EMIT_LOC_STRINGS = YES;
				SWIFT_VERSION = 5.0;
				TARGETED_DEVICE_FAMILY = "1,2";
			};
			name = Release;
		};
		1695138A2BA618D2004A11D5 /* Debug */ = {
			isa = XCBuildConfiguration;
			buildSettings = {
				ALWAYS_EMBED_SWIFT_STANDARD_LIBRARIES = YES;
				BUNDLE_LOADER = "$(TEST_HOST)";
				CODE_SIGN_STYLE = Automatic;
				CURRENT_PROJECT_VERSION = 1;
				DEVELOPMENT_TEAM = 2W9LPF538W;
				GENERATE_INFOPLIST_FILE = YES;
				IPHONEOS_DEPLOYMENT_TARGET = 17.4;
				MARKETING_VERSION = 1.0;
				PRODUCT_BUNDLE_IDENTIFIER = com.trevis.ParksPassTests;
				PRODUCT_NAME = "$(TARGET_NAME)";
				SWIFT_EMIT_LOC_STRINGS = NO;
				SWIFT_VERSION = 5.0;
				TARGETED_DEVICE_FAMILY = "1,2";
				TEST_HOST = "$(BUILT_PRODUCTS_DIR)/ParksPass.app/$(BUNDLE_EXECUTABLE_FOLDER_PATH)/ParksPass";
			};
			name = Debug;
		};
		1695138B2BA618D2004A11D5 /* Release */ = {
			isa = XCBuildConfiguration;
			buildSettings = {
				ALWAYS_EMBED_SWIFT_STANDARD_LIBRARIES = YES;
				BUNDLE_LOADER = "$(TEST_HOST)";
				CODE_SIGN_STYLE = Automatic;
				CURRENT_PROJECT_VERSION = 1;
				DEVELOPMENT_TEAM = 2W9LPF538W;
				GENERATE_INFOPLIST_FILE = YES;
				IPHONEOS_DEPLOYMENT_TARGET = 17.4;
				MARKETING_VERSION = 1.0;
				PRODUCT_BUNDLE_IDENTIFIER = com.trevis.ParksPassTests;
				PRODUCT_NAME = "$(TARGET_NAME)";
				SWIFT_EMIT_LOC_STRINGS = NO;
				SWIFT_VERSION = 5.0;
				TARGETED_DEVICE_FAMILY = "1,2";
				TEST_HOST = "$(BUILT_PRODUCTS_DIR)/ParksPass.app/$(BUNDLE_EXECUTABLE_FOLDER_PATH)/ParksPass";
			};
			name = Release;
		};
		1695138D2BA618D2004A11D5 /* Debug */ = {
			isa = XCBuildConfiguration;
			buildSettings = {
				ALWAYS_EMBED_SWIFT_STANDARD_LIBRARIES = YES;
				CODE_SIGN_STYLE = Automatic;
				CURRENT_PROJECT_VERSION = 1;
				DEVELOPMENT_TEAM = 2W9LPF538W;
				GENERATE_INFOPLIST_FILE = YES;
				MARKETING_VERSION = 1.0;
				PRODUCT_BUNDLE_IDENTIFIER = com.trevis.ParksPassUITests;
				PRODUCT_NAME = "$(TARGET_NAME)";
				SWIFT_EMIT_LOC_STRINGS = NO;
				SWIFT_VERSION = 5.0;
				TARGETED_DEVICE_FAMILY = "1,2";
				TEST_TARGET_NAME = ParksPass;
			};
			name = Debug;
		};
		1695138E2BA618D2004A11D5 /* Release */ = {
			isa = XCBuildConfiguration;
			buildSettings = {
				ALWAYS_EMBED_SWIFT_STANDARD_LIBRARIES = YES;
				CODE_SIGN_STYLE = Automatic;
				CURRENT_PROJECT_VERSION = 1;
				DEVELOPMENT_TEAM = 2W9LPF538W;
				GENERATE_INFOPLIST_FILE = YES;
				MARKETING_VERSION = 1.0;
				PRODUCT_BUNDLE_IDENTIFIER = com.trevis.ParksPassUITests;
				PRODUCT_NAME = "$(TARGET_NAME)";
				SWIFT_EMIT_LOC_STRINGS = NO;
				SWIFT_VERSION = 5.0;
				TARGETED_DEVICE_FAMILY = "1,2";
				TEST_TARGET_NAME = ParksPass;
			};
			name = Release;
		};
/* End XCBuildConfiguration section */

/* Begin XCConfigurationList section */
		1695135D2BA618D0004A11D5 /* Build configuration list for PBXProject "ParksPass" */ = {
			isa = XCConfigurationList;
			buildConfigurations = (
				169513842BA618D2004A11D5 /* Debug */,
				169513852BA618D2004A11D5 /* Release */,
			);
			defaultConfigurationIsVisible = 0;
			defaultConfigurationName = Release;
		};
		169513862BA618D2004A11D5 /* Build configuration list for PBXNativeTarget "ParksPass" */ = {
			isa = XCConfigurationList;
			buildConfigurations = (
				169513872BA618D2004A11D5 /* Debug */,
				169513882BA618D2004A11D5 /* Release */,
			);
			defaultConfigurationIsVisible = 0;
			defaultConfigurationName = Release;
		};
		169513892BA618D2004A11D5 /* Build configuration list for PBXNativeTarget "ParksPassTests" */ = {
			isa = XCConfigurationList;
			buildConfigurations = (
				1695138A2BA618D2004A11D5 /* Debug */,
				1695138B2BA618D2004A11D5 /* Release */,
			);
			defaultConfigurationIsVisible = 0;
			defaultConfigurationName = Release;
		};
		1695138C2BA618D2004A11D5 /* Build configuration list for PBXNativeTarget "ParksPassUITests" */ = {
			isa = XCConfigurationList;
			buildConfigurations = (
				1695138D2BA618D2004A11D5 /* Debug */,
				1695138E2BA618D2004A11D5 /* Release */,
			);
			defaultConfigurationIsVisible = 0;
			defaultConfigurationName = Release;
		};
/* End XCConfigurationList section */

/* Begin XCRemoteSwiftPackageReference section */
		1695138F2BA61988004A11D5 /* XCRemoteSwiftPackageReference "swift-composable-architecture" */ = {
			isa = XCRemoteSwiftPackageReference;
			repositoryURL = "https://github.com/pointfreeco/swift-composable-architecture";
			requirement = {
				kind = upToNextMajorVersion;
				minimumVersion = 1.9.2;
			};
		};
		169513A72BA680D8004A11D5 /* XCRemoteSwiftPackageReference "GoogleSignIn-iOS" */ = {
			isa = XCRemoteSwiftPackageReference;
			repositoryURL = "https://github.com/google/GoogleSignIn-iOS";
			requirement = {
				kind = upToNextMajorVersion;
				minimumVersion = 7.0.0;
			};
		};
		169513AE2BA684BF004A11D5 /* XCRemoteSwiftPackageReference "firebase-ios-sdk" */ = {
			isa = XCRemoteSwiftPackageReference;
			repositoryURL = "https://github.com/firebase/firebase-ios-sdk";
			requirement = {
				kind = upToNextMajorVersion;
				minimumVersion = 10.22.1;
			};
		};
/* End XCRemoteSwiftPackageReference section */

/* Begin XCSwiftPackageProductDependency section */
		169513902BA61988004A11D5 /* ComposableArchitecture */ = {
			isa = XCSwiftPackageProductDependency;
			package = 1695138F2BA61988004A11D5 /* XCRemoteSwiftPackageReference "swift-composable-architecture" */;
			productName = ComposableArchitecture;
		};
		169513AF2BA684BF004A11D5 /* FirebaseAuth */ = {
			isa = XCSwiftPackageProductDependency;
			package = 169513AE2BA684BF004A11D5 /* XCRemoteSwiftPackageReference "firebase-ios-sdk" */;
			productName = FirebaseAuth;
		};
		169513B12BA68532004A11D5 /* GoogleSignIn */ = {
			isa = XCSwiftPackageProductDependency;
			package = 169513A72BA680D8004A11D5 /* XCRemoteSwiftPackageReference "GoogleSignIn-iOS" */;
			productName = GoogleSignIn;
		};
		169513C92BA6F4A5004A11D5 /* FirebaseFirestore */ = {
			isa = XCSwiftPackageProductDependency;
			productName = FirebaseFirestore;
		};
/* End XCSwiftPackageProductDependency section */
	};
	rootObject = 1695135A2BA618D0004A11D5 /* Project object */;
}
